
Microsoft Visual Studio Solution File, Format Version 12.00
# Visual Studio Version 16
VisualStudioVersion = 16.0.28803.202
MinimumVisualStudioVersion = 10.0.40219.1
Project("{FAE04EC0-301F-11D3-BF4B-00C04F79EFBC}") = "sudokuSolver", "sudokuSolver.csproj", "{88FC5189-9C42-4FE8-8FC3-3D163031873F}"
EndProject
Global
	GlobalSection(SolutionConfigurationPlatforms) = preSolution
		Debug|Any CPU = Debug|Any CPU
		Release|Any CPU = Release|Any CPU
	EndGlobalSection
	GlobalSection(ProjectConfigurationPlatforms) = postSolution
		{88FC5189-9C42-4FE8-8FC3-3D163031873F}.Debug|Any CPU.ActiveCfg = Debug|Any CPU
		{88FC5189-9C42-4FE8-8FC3-3D163031873F}.Debug|Any CPU.Build.0 = Debug|Any CPU
		{88FC5189-9C42-4FE8-8FC3-3D163031873F}.Release|Any CPU.ActiveCfg = Release|Any CPU
		{88FC5189-9C42-4FE8-8FC3-3D163031873F}.Release|Any CPU.Build.0 = Release|Any CPU
	EndGlobalSection
	GlobalSection(SolutionProperties) = preSolution
		HideSolutionNode = FALSE
	EndGlobalSection
	GlobalSection(ExtensibilityGlobals) = postSolution
		SolutionGuid = {4BDB8286-1C9B-42F2-A569-47F4204B96F4}
	EndGlobalSection
EndGlobal
